
Microsoft Visual Studio Solution File, Format Version 12.00
# Visual Studio Version 16
VisualStudioVersion = 16.0.33130.400
MinimumVisualStudioVersion = 10.0.40219.1
Project("{FAE04EC0-301F-11D3-BF4B-00C04F79EFBC}") = "EXCEL_ADDINS", "EXCEL_ADDINS\EXCEL_ADDINS.csproj", "{79F4B206-83B0-494A-9586-05A39063D56D}"
EndProject
Global
	GlobalSection(SolutionConfigurationPlatforms) = preSolution
		Debug|Any CPU = Debug|Any CPU
		Release|Any CPU = Release|Any CPU
	EndGlobalSection
	GlobalSection(ProjectConfigurationPlatforms) = postSolution
		{79F4B206-83B0-494A-9586-05A39063D56D}.Debug|Any CPU.ActiveCfg = Debug|Any CPU
		{79F4B206-83B0-494A-9586-05A39063D56D}.Debug|Any CPU.Build.0 = Debug|Any CPU
		{79F4B206-83B0-494A-9586-05A39063D56D}.Release|Any CPU.ActiveCfg = Release|Any CPU
		{79F4B206-83B0-494A-9586-05A39063D56D}.Release|Any CPU.Build.0 = Release|Any CPU
	EndGlobalSection
	GlobalSection(SolutionProperties) = preSolution
		HideSolutionNode = FALSE
	EndGlobalSection
	GlobalSection(ExtensibilityGlobals) = postSolution
		SolutionGuid = {E041F58C-2123-4D4E-B75E-BDB76068AA19}
	EndGlobalSection
EndGlobal
